<?xml version="1.0" encoding="utf-8"?>
<Project ToolsVersion="4.0" xmlns="http://schemas.microsoft.com/developer/msbuild/2003">
  <ItemGroup>
    <Filter Include="Source Files">
      <UniqueIdentifier>{4FC737F1-C7A5-4376-A066-2A32D752A2FF}</UniqueIdentifier>
      <Extensions>cpp;c;cc;cxx;def;odl;idl;hpj;bat;asm;asmx</Extensions>
    </Filter>
    <Filter Include="Header Files">
      <UniqueIdentifier>{93995380-89BD-4b04-88EB-625FBE52EBFB}</UniqueIdentifier>
      <Extensions>h;hpp;hxx;hm;inl;inc;xsd</Extensions>
    </Filter>
    <Filter Include="Resource Files">
      <UniqueIdentifier>{67DA6AB6-F800-4c08-8B7A-83BB121AAD01}</UniqueIdentifier>
      <Extensions>rc;ico;cur;bmp;dlg;rc2;rct;bin;rgs;gif;jpg;jpeg;jpe;resx;tiff;tif;png;wav</Extensions>
    </Filter>
  </ItemGroup>
  <ItemGroup>
    <ClCompile Include="src\Array.cpp">
      <Filter>Source Files</Filter>
    </ClCompile>
    <ClCompile Include="src\base64.c">
      <Filter>Source Files</Filter>
    </ClCompile>
    <ClCompile Include="src\Boolean.cpp">
      <Filter>Source Files</Filter>
    </ClCompile>
    <ClCompile Include="src\bplist.c">
      <Filter>Source Files</Filter>
    </ClCompile>
    <ClCompile Include="src\bytearray.c">
      <Filter>Source Files</Filter>
    </ClCompile>
    <ClCompile Include="src\Data.cpp">
      <Filter>Source Files</Filter>
    </ClCompile>
    <ClCompile Include="src\Date.cpp">
      <Filter>Source Files</Filter>
    </ClCompile>
    <ClCompile Include="src\Dictionary.cpp">
      <Filter>Source Files</Filter>
    </ClCompile>
    <ClCompile Include="dllmain.cpp">
      <Filter>Source Files</Filter>
    </ClCompile>
    <ClCompile Include="src\hashtable.c">
      <Filter>Source Files</Filter>
    </ClCompile>
    <ClCompile Include="src\Integer.cpp">
      <Filter>Source Files</Filter>
    </ClCompile>
    <ClCompile Include="src\Key.cpp">
      <Filter>Source Files</Filter>
    </ClCompile>
    <ClCompile Include="src\Node.cpp">
      <Filter>Source Files</Filter>
    </ClCompile>
    <ClCompile Include="src\plist.c">
      <Filter>Source Files</Filter>
    </ClCompile>
    <ClCompile Include="src\ptrarray.c">
      <Filter>Source Files</Filter>
    </ClCompile>
    <ClCompile Include="src\Real.cpp">
      <Filter>Source Files</Filter>
    </ClCompile>
    <ClCompile Include="src\String.cpp">
      <Filter>Source Files</Filter>
    </ClCompile>
    <ClCompile Include="src\Structure.cpp">
      <Filter>Source Files</Filter>
    </ClCompile>
    <ClCompile Include="src\Uid.cpp">
      <Filter>Source Files</Filter>
    </ClCompile>
    <ClCompile Include="src\xplist.c">
      <Filter>Source Files</Filter>
    </ClCompile>
  </ItemGroup>
  <ItemGroup>
    <ClInclude Include="include\plist\Array.h">
      <Filter>Header Files</Filter>
    </ClInclude>
    <ClInclude Include="src\base64.h">
      <Filter>Header Files</Filter>
    </ClInclude>
    <ClInclude Include="include\plist\Boolean.h">
      <Filter>Header Files</Filter>
    </ClInclude>
    <ClInclude Include="src\bytearray.h">
      <Filter>Header Files</Filter>
    </ClInclude>
    <ClInclude Include="include\plist\Data.h">
      <Filter>Header Files</Filter>
    </ClInclude>
    <ClInclude Include="include\plist\Date.h">
      <Filter>Header Files</Filter>
    </ClInclude>
    <ClInclude Include="include\plist\Dictionary.h">
      <Filter>Header Files</Filter>
    </ClInclude>
    <ClInclude Include="src\hashtable.h">
      <Filter>Header Files</Filter>
    </ClInclude>
    <ClInclude Include="include\plist\Integer.h">
      <Filter>Header Files</Filter>
    </ClInclude>
    <ClInclude Include="include\plist\Key.h">
      <Filter>Header Files</Filter>
    </ClInclude>
    <ClInclude Include="include\plist\Node.h">
      <Filter>Header Files</Filter>
    </ClInclude>
    <ClInclude Include="include\plist\plist++.h">
      <Filter>Header Files</Filter>
    </ClInclude>
    <ClInclude Include="include\plist\plist.h">
      <Filter>Header Files</Filter>
    </ClInclude>
    <ClInclude Include="src\plist.h">
      <Filter>Header Files</Filter>
    </ClInclude>
    <ClInclude Include="src\ptrarray.h">
      <Filter>Header Files</Filter>
    </ClInclude>
    <ClInclude Include="include\plist\Real.h">
      <Filter>Header Files</Filter>
    </ClInclude>
    <ClInclude Include="resource.h">
      <Filter>Header Files</Filter>
    </ClInclude>
    <ClInclude Include="include\plist\String.h">
      <Filter>Header Files</Filter>
    </ClInclude>
    <ClInclude Include="include\plist\Structure.h">
      <Filter>Header Files</Filter>
    </ClInclude>
    <ClInclude Include="targetver.h">
      <Filter>Header Files</Filter>
    </ClInclude>
    <ClInclude Include="include\plist\Uid.h">
      <Filter>Header Files</Filter>
    </ClInclude>
  </ItemGroup>
  <ItemGroup>
    <ResourceCompile Include="libplist.rc">
      <Filter>Resource Files</Filter>
    </ResourceCompile>
  </ItemGroup>
</Project>