<?xml version="1.0" encoding="utf-8"?>
<Project ToolsVersion="4.0" xmlns="http://schemas.microsoft.com/developer/msbuild/2003">
  <ItemGroup>
    <Filter Include="src">
      <UniqueIdentifier>{f7e8300a-f7ef-4139-a1c3-9d5a9a3f413a}</UniqueIdentifier>
    </Filter>
    <Filter Include="include">
      <UniqueIdentifier>{aa57d661-9ba3-44fe-92ba-916d1cd0e47f}</UniqueIdentifier>
    </Filter>
    <Filter Include="include\plist">
      <UniqueIdentifier>{ce575870-f5d1-4b40-80bd-d7808f78a69c}</UniqueIdentifier>
    </Filter>
  </ItemGroup>
  <ItemGroup>
    <ClCompile Include="src\base64.c">
      <Filter>src</Filter>
    </ClCompile>
    <ClCompile Include="src\bplist.c">
      <Filter>src</Filter>
    </ClCompile>
    <ClCompile Include="src\bytearray.c">
      <Filter>src</Filter>
    </ClCompile>
    <ClCompile Include="src\hashtable.c">
      <Filter>src</Filter>
    </ClCompile>
    <ClCompile Include="src\plist.c">
      <Filter>src</Filter>
    </ClCompile>
    <ClCompile Include="src\ptrarray.c">
      <Filter>src</Filter>
    </ClCompile>
    <ClCompile Include="src\xplist.c">
      <Filter>src</Filter>
    </ClCompile>
    <ClCompile Include="src\Array.cpp">
      <Filter>src</Filter>
    </ClCompile>
    <ClCompile Include="src\Boolean.cpp">
      <Filter>src</Filter>
    </ClCompile>
    <ClCompile Include="src\Data.cpp">
      <Filter>src</Filter>
    </ClCompile>
    <ClCompile Include="src\Date.cpp">
      <Filter>src</Filter>
    </ClCompile>
    <ClCompile Include="src\Dictionary.cpp">
      <Filter>src</Filter>
    </ClCompile>
    <ClCompile Include="src\Integer.cpp">
      <Filter>src</Filter>
    </ClCompile>
    <ClCompile Include="src\Key.cpp">
      <Filter>src</Filter>
    </ClCompile>
    <ClCompile Include="src\Node.cpp">
      <Filter>src</Filter>
    </ClCompile>
    <ClCompile Include="src\Real.cpp">
      <Filter>src</Filter>
    </ClCompile>
    <ClCompile Include="src\String.cpp">
      <Filter>src</Filter>
    </ClCompile>
    <ClCompile Include="src\Structure.cpp">
      <Filter>src</Filter>
    </ClCompile>
    <ClCompile Include="src\Uid.cpp">
      <Filter>src</Filter>
    </ClCompile>
  </ItemGroup>
  <ItemGroup>
    <ClInclude Include="src\base64.h">
      <Filter>src</Filter>
    </ClInclude>
    <ClInclude Include="src\bytearray.h">
      <Filter>src</Filter>
    </ClInclude>
    <ClInclude Include="src\common.h">
      <Filter>src</Filter>
    </ClInclude>
    <ClInclude Include="src\hashtable.h">
      <Filter>src</Filter>
    </ClInclude>
    <ClInclude Include="src\plist.h">
      <Filter>src</Filter>
    </ClInclude>
    <ClInclude Include="src\ptrarray.h">
      <Filter>src</Filter>
    </ClInclude>
    <ClInclude Include="include\plist\Array.h">
      <Filter>include\plist</Filter>
    </ClInclude>
    <ClInclude Include="include\plist\Boolean.h">
      <Filter>include\plist</Filter>
    </ClInclude>
    <ClInclude Include="include\plist\Data.h">
      <Filter>include\plist</Filter>
    </ClInclude>
    <ClInclude Include="include\plist\Date.h">
      <Filter>include\plist</Filter>
    </ClInclude>
    <ClInclude Include="include\plist\Dictionary.h">
      <Filter>include\plist</Filter>
    </ClInclude>
    <ClInclude Include="include\plist\Integer.h">
      <Filter>include\plist</Filter>
    </ClInclude>
    <ClInclude Include="include\plist\Key.h">
      <Filter>include\plist</Filter>
    </ClInclude>
    <ClInclude Include="include\plist\Node.h">
      <Filter>include\plist</Filter>
    </ClInclude>
    <ClInclude Include="include\plist\plist.h">
      <Filter>include\plist</Filter>
    </ClInclude>
    <ClInclude Include="include\plist\plist++.h">
      <Filter>include\plist</Filter>
    </ClInclude>
    <ClInclude Include="include\plist\Real.h">
      <Filter>include\plist</Filter>
    </ClInclude>
    <ClInclude Include="include\plist\String.h">
      <Filter>include\plist</Filter>
    </ClInclude>
    <ClInclude Include="include\plist\Structure.h">
      <Filter>include\plist</Filter>
    </ClInclude>
    <ClInclude Include="include\plist\Uid.h">
      <Filter>include\plist</Filter>
    </ClInclude>
  </ItemGroup>
</Project>